
Microsoft Visual Studio Solution File, Format Version 12.00
# Visual Studio 15
VisualStudioVersion = 15.0.28307.329
MinimumVisualStudioVersion = 10.0.40219.1
Project("{FAE04EC0-301F-11D3-BF4B-00C04F79EFBC}") = "autoSheduling", "autoSheduling\autoSheduling.csproj", "{5FE1ECAA-2E0B-40EF-BD0B-01D76E0B438C}"
EndProject
Global
	GlobalSection(SolutionConfigurationPlatforms) = preSolution
		Debug|Any CPU = Debug|Any CPU
		Release|Any CPU = Release|Any CPU
	EndGlobalSection
	GlobalSection(ProjectConfigurationPlatforms) = postSolution
		{5FE1ECAA-2E0B-40EF-BD0B-01D76E0B438C}.Debug|Any CPU.ActiveCfg = Debug|Any CPU
		{5FE1ECAA-2E0B-40EF-BD0B-01D76E0B438C}.Debug|Any CPU.Build.0 = Debug|Any CPU
		{5FE1ECAA-2E0B-40EF-BD0B-01D76E0B438C}.Release|Any CPU.ActiveCfg = Release|Any CPU
		{5FE1ECAA-2E0B-40EF-BD0B-01D76E0B438C}.Release|Any CPU.Build.0 = Release|Any CPU
	EndGlobalSection
	GlobalSection(SolutionProperties) = preSolution
		HideSolutionNode = FALSE
	EndGlobalSection
	GlobalSection(ExtensibilityGlobals) = postSolution
		SolutionGuid = {8D0A74F5-9E78-4D66-B5E9-E5454DA97E7B}
	EndGlobalSection
EndGlobal
